
Microsoft Visual Studio Solution File, Format Version 12.00
# Visual Studio Version 17
VisualStudioVersion = 17.14.36221.1
MinimumVisualStudioVersion = 10.0.40219.1
Project("{FAE04EC0-301F-11D3-BF4B-00C04F79EFBC}") = "NistMspToMsDialMsp", "NistMspToMsDialMsp\NistMspToMsDialMsp.csproj", "{489AC0B0-0AA3-46F3-AAE5-618C84AF6072}"
EndProject
Project("{FAE04EC0-301F-11D3-BF4B-00C04F79EFBC}") = "MspLibraryGenerationTool_vs2", "MspLibraryGenerationTool_vs2\MspLibraryGenerationTool_vs2.csproj", "{8D426A3A-AB6E-44C2-95A2-AB291657B759}"
EndProject
Global
	GlobalSection(SolutionConfigurationPlatforms) = preSolution
		Debug|Any CPU = Debug|Any CPU
		Release|Any CPU = Release|Any CPU
	EndGlobalSection
	GlobalSection(ProjectConfigurationPlatforms) = postSolution
		{489AC0B0-0AA3-46F3-AAE5-618C84AF6072}.Debug|Any CPU.ActiveCfg = Debug|Any CPU
		{489AC0B0-0AA3-46F3-AAE5-618C84AF6072}.Debug|Any CPU.Build.0 = Debug|Any CPU
		{489AC0B0-0AA3-46F3-AAE5-618C84AF6072}.Release|Any CPU.ActiveCfg = Release|Any CPU
		{489AC0B0-0AA3-46F3-AAE5-618C84AF6072}.Release|Any CPU.Build.0 = Release|Any CPU
		{8D426A3A-AB6E-44C2-95A2-AB291657B759}.Debug|Any CPU.ActiveCfg = Debug|Any CPU
		{8D426A3A-AB6E-44C2-95A2-AB291657B759}.Debug|Any CPU.Build.0 = Debug|Any CPU
		{8D426A3A-AB6E-44C2-95A2-AB291657B759}.Release|Any CPU.ActiveCfg = Release|Any CPU
		{8D426A3A-AB6E-44C2-95A2-AB291657B759}.Release|Any CPU.Build.0 = Release|Any CPU
	EndGlobalSection
	GlobalSection(SolutionProperties) = preSolution
		HideSolutionNode = FALSE
	EndGlobalSection
	GlobalSection(ExtensibilityGlobals) = postSolution
		SolutionGuid = {10837219-3608-4CCB-8AF4-5E5CC004D2B2}
	EndGlobalSection
EndGlobal
